
Microsoft Visual Studio Solution File, Format Version 12.00
# Visual Studio 15
Project("{FAE04EC0-301F-11D3-BF4B-00C04F79EFBC}") = "EnvironmentVaribles.Android", "EnvironmentVaribles.Android\EnvironmentVaribles.Android.csproj", "{21E3FA22-E4DD-47BC-973A-7DC92684F170}"
EndProject
Project("{FAE04EC0-301F-11D3-BF4B-00C04F79EFBC}") = "EnvironmentVaribles.iOS", "EnvironmentVaribles.iOS\EnvironmentVaribles.iOS.csproj", "{92AB8132-C2D3-4C52-8577-DE0887F6CB32}"
EndProject
Project("{FAE04EC0-301F-11D3-BF4B-00C04F79EFBC}") = "EnvironmentVaribles", "EnvironmentVaribles\EnvironmentVaribles.csproj", "{CC81BD1A-178A-47EE-AD82-1047786833C7}"
EndProject
Global
	GlobalSection(SolutionConfigurationPlatforms) = preSolution
		Debug|Any CPU = Debug|Any CPU
		Release|Any CPU = Release|Any CPU
		Debug|iPhoneSimulator = Debug|iPhoneSimulator
		Release|iPhoneSimulator = Release|iPhoneSimulator
		Debug|iPhone = Debug|iPhone
		Release|iPhone = Release|iPhone
		Ad-Hoc|iPhone = Ad-Hoc|iPhone
		AppStore|iPhone = AppStore|iPhone
	EndGlobalSection
	GlobalSection(ProjectConfigurationPlatforms) = postSolution
		{21E3FA22-E4DD-47BC-973A-7DC92684F170}.Debug|Any CPU.ActiveCfg = Debug|Any CPU
		{21E3FA22-E4DD-47BC-973A-7DC92684F170}.Debug|Any CPU.Build.0 = Debug|Any CPU
		{21E3FA22-E4DD-47BC-973A-7DC92684F170}.Release|Any CPU.ActiveCfg = Release|Any CPU
		{21E3FA22-E4DD-47BC-973A-7DC92684F170}.Release|Any CPU.Build.0 = Release|Any CPU
		{21E3FA22-E4DD-47BC-973A-7DC92684F170}.Debug|iPhoneSimulator.ActiveCfg = Debug|Any CPU
		{21E3FA22-E4DD-47BC-973A-7DC92684F170}.Debug|iPhoneSimulator.Build.0 = Debug|Any CPU
		{21E3FA22-E4DD-47BC-973A-7DC92684F170}.Release|iPhoneSimulator.ActiveCfg = Release|Any CPU
		{21E3FA22-E4DD-47BC-973A-7DC92684F170}.Release|iPhoneSimulator.Build.0 = Release|Any CPU
		{21E3FA22-E4DD-47BC-973A-7DC92684F170}.Debug|iPhone.ActiveCfg = Debug|Any CPU
		{21E3FA22-E4DD-47BC-973A-7DC92684F170}.Debug|iPhone.Build.0 = Debug|Any CPU
		{21E3FA22-E4DD-47BC-973A-7DC92684F170}.Release|iPhone.ActiveCfg = Release|Any CPU
		{21E3FA22-E4DD-47BC-973A-7DC92684F170}.Release|iPhone.Build.0 = Release|Any CPU
		{21E3FA22-E4DD-47BC-973A-7DC92684F170}.Ad-Hoc|iPhone.ActiveCfg = Debug|Any CPU
		{21E3FA22-E4DD-47BC-973A-7DC92684F170}.Ad-Hoc|iPhone.Build.0 = Debug|Any CPU
		{21E3FA22-E4DD-47BC-973A-7DC92684F170}.AppStore|iPhone.ActiveCfg = Debug|Any CPU
		{21E3FA22-E4DD-47BC-973A-7DC92684F170}.AppStore|iPhone.Build.0 = Debug|Any CPU
		{92AB8132-C2D3-4C52-8577-DE0887F6CB32}.Debug|Any CPU.ActiveCfg = Debug|iPhoneSimulator
		{92AB8132-C2D3-4C52-8577-DE0887F6CB32}.Debug|Any CPU.Build.0 = Debug|iPhoneSimulator
		{92AB8132-C2D3-4C52-8577-DE0887F6CB32}.Release|Any CPU.ActiveCfg = Release|iPhoneSimulator
		{92AB8132-C2D3-4C52-8577-DE0887F6CB32}.Release|Any CPU.Build.0 = Release|iPhoneSimulator
		{92AB8132-C2D3-4C52-8577-DE0887F6CB32}.Debug|iPhoneSimulator.ActiveCfg = Debug|iPhoneSimulator
		{92AB8132-C2D3-4C52-8577-DE0887F6CB32}.Debug|iPhoneSimulator.Build.0 = Debug|iPhoneSimulator
		{92AB8132-C2D3-4C52-8577-DE0887F6CB32}.Release|iPhoneSimulator.ActiveCfg = Release|iPhoneSimulator
		{92AB8132-C2D3-4C52-8577-DE0887F6CB32}.Release|iPhoneSimulator.Build.0 = Release|iPhoneSimulator
		{92AB8132-C2D3-4C52-8577-DE0887F6CB32}.Debug|iPhone.ActiveCfg = Debug|iPhone
		{92AB8132-C2D3-4C52-8577-DE0887F6CB32}.Debug|iPhone.Build.0 = Debug|iPhone
		{92AB8132-C2D3-4C52-8577-DE0887F6CB32}.Release|iPhone.ActiveCfg = Release|iPhone
		{92AB8132-C2D3-4C52-8577-DE0887F6CB32}.Release|iPhone.Build.0 = Release|iPhone
		{92AB8132-C2D3-4C52-8577-DE0887F6CB32}.Ad-Hoc|iPhone.ActiveCfg = Ad-Hoc|iPhone
		{92AB8132-C2D3-4C52-8577-DE0887F6CB32}.Ad-Hoc|iPhone.Build.0 = Ad-Hoc|iPhone
		{92AB8132-C2D3-4C52-8577-DE0887F6CB32}.AppStore|iPhone.ActiveCfg = AppStore|iPhone
		{92AB8132-C2D3-4C52-8577-DE0887F6CB32}.AppStore|iPhone.Build.0 = AppStore|iPhone
		{CC81BD1A-178A-47EE-AD82-1047786833C7}.Debug|Any CPU.ActiveCfg = Debug|Any CPU
		{CC81BD1A-178A-47EE-AD82-1047786833C7}.Debug|Any CPU.Build.0 = Debug|Any CPU
		{CC81BD1A-178A-47EE-AD82-1047786833C7}.Release|Any CPU.ActiveCfg = Release|Any CPU
		{CC81BD1A-178A-47EE-AD82-1047786833C7}.Release|Any CPU.Build.0 = Release|Any CPU
		{CC81BD1A-178A-47EE-AD82-1047786833C7}.Debug|iPhoneSimulator.ActiveCfg = Debug|Any CPU
		{CC81BD1A-178A-47EE-AD82-1047786833C7}.Debug|iPhoneSimulator.Build.0 = Debug|Any CPU
		{CC81BD1A-178A-47EE-AD82-1047786833C7}.Release|iPhoneSimulator.ActiveCfg = Release|Any CPU
		{CC81BD1A-178A-47EE-AD82-1047786833C7}.Release|iPhoneSimulator.Build.0 = Release|Any CPU
		{CC81BD1A-178A-47EE-AD82-1047786833C7}.Debug|iPhone.ActiveCfg = Debug|Any CPU
		{CC81BD1A-178A-47EE-AD82-1047786833C7}.Debug|iPhone.Build.0 = Debug|Any CPU
		{CC81BD1A-178A-47EE-AD82-1047786833C7}.Release|iPhone.ActiveCfg = Release|Any CPU
		{CC81BD1A-178A-47EE-AD82-1047786833C7}.Release|iPhone.Build.0 = Release|Any CPU
		{CC81BD1A-178A-47EE-AD82-1047786833C7}.Ad-Hoc|iPhone.ActiveCfg = Debug|Any CPU
		{CC81BD1A-178A-47EE-AD82-1047786833C7}.Ad-Hoc|iPhone.Build.0 = Debug|Any CPU
		{CC81BD1A-178A-47EE-AD82-1047786833C7}.AppStore|iPhone.ActiveCfg = Debug|Any CPU
		{CC81BD1A-178A-47EE-AD82-1047786833C7}.AppStore|iPhone.Build.0 = Debug|Any CPU
	EndGlobalSection
EndGlobal
